// !$*UTF8*$!
{
	archiveVersion = 1;
	classes = {
	};
	objectVersion = 46;
	objects = {

/* Begin PBXBuildFile section */
		4949A1D21E9619860063EDFA /* BDataModel.m in Sources */ = {isa = PBXBuildFile; fileRef = 4949A1D11E9619860063EDFA /* BDataModel.m */; };
		4949A1D51E9619A00063EDFA /* BNetworkFetcher.m in Sources */ = {isa = PBXBuildFile; fileRef = 4949A1D41E9619A00063EDFA /* BNetworkFetcher.m */; };
		4973BBB01E80DE2F00BA6294 /* EOCAutoDictionary.m in Sources */ = {isa = PBXBuildFile; fileRef = 4973BBAF1E80DE2F00BA6294 /* EOCAutoDictionary.m */; };
		4979CCAA1E8E245D0083F806 /* PersonBuilder.m in Sources */ = {isa = PBXBuildFile; fileRef = 4979CCA91E8E245D0083F806 /* PersonBuilder.m */; };
		498E63001E7BDA6A00C6B452 /* ResolveInstanceMethod.m in Sources */ = {isa = PBXBuildFile; fileRef = 498E62FF1E7BDA6A00C6B452 /* ResolveInstanceMethod.m */; };
		49A0D5CB1E77E35F00CB1B4D /* main.m in Sources */ = {isa = PBXBuildFile; fileRef = 49A0D5CA1E77E35F00CB1B4D /* main.m */; };
		49A0D5D31E77E37400CB1B4D /* Person.m in Sources */ = {isa = PBXBuildFile; fileRef = 49A0D5D21E77E37400CB1B4D /* Person.m */; };
		49A0D5D61E77E38E00CB1B4D /* SimthPerson.m in Sources */ = {isa = PBXBuildFile; fileRef = 49A0D5D51E77E38E00CB1B4D /* SimthPerson.m */; };
		49D9C21E1E98544700345633 /* BDataModel+Utopia.m in Sources */ = {isa = PBXBuildFile; fileRef = 49D9C21D1E98544700345633 /* BDataModel+Utopia.m */; };
/* End PBXBuildFile section */

/* Begin PBXCopyFilesBuildPhase section */
		49A0D5C51E77E35E00CB1B4D /* CopyFiles */ = {
			isa = PBXCopyFilesBuildPhase;
			buildActionMask = 2147483647;
			dstPath = /usr/share/man/man1/;
			dstSubfolderSpec = 0;
			files = (
			);
			runOnlyForDeploymentPostprocessing = 1;
		};
/* End PBXCopyFilesBuildPhase section */

/* Begin PBXFileReference section */
		4949A1D01E9619860063EDFA /* BDataModel.h */ = {isa = PBXFileReference; fileEncoding = 4; lastKnownFileType = sourcecode.c.h; path = BDataModel.h; sourceTree = "<group>"; };
		4949A1D11E9619860063EDFA /* BDataModel.m */ = {isa = PBXFileReference; fileEncoding = 4; lastKnownFileType = sourcecode.c.objc; path = BDataModel.m; sourceTree = "<group>"; };
		4949A1D31E9619A00063EDFA /* BNetworkFetcher.h */ = {isa = PBXFileReference; fileEncoding = 4; lastKnownFileType = sourcecode.c.h; path = BNetworkFetcher.h; sourceTree = "<group>"; };
		4949A1D41E9619A00063EDFA /* BNetworkFetcher.m */ = {isa = PBXFileReference; fileEncoding = 4; lastKnownFileType = sourcecode.c.objc; path = BNetworkFetcher.m; sourceTree = "<group>"; };
		4973BBAE1E80DE2F00BA6294 /* EOCAutoDictionary.h */ = {isa = PBXFileReference; fileEncoding = 4; lastKnownFileType = sourcecode.c.h; path = EOCAutoDictionary.h; sourceTree = "<group>"; };
		4973BBAF1E80DE2F00BA6294 /* EOCAutoDictionary.m */ = {isa = PBXFileReference; fileEncoding = 4; lastKnownFileType = sourcecode.c.objc; path = EOCAutoDictionary.m; sourceTree = "<group>"; };
		4979CCA81E8E245D0083F806 /* PersonBuilder.h */ = {isa = PBXFileReference; fileEncoding = 4; lastKnownFileType = sourcecode.c.h; path = PersonBuilder.h; sourceTree = "<group>"; };
		4979CCA91E8E245D0083F806 /* PersonBuilder.m */ = {isa = PBXFileReference; fileEncoding = 4; lastKnownFileType = sourcecode.c.objc; path = PersonBuilder.m; sourceTree = "<group>"; };
		498E62FE1E7BDA6A00C6B452 /* ResolveInstanceMethod.h */ = {isa = PBXFileReference; fileEncoding = 4; lastKnownFileType = sourcecode.c.h; path = ResolveInstanceMethod.h; sourceTree = "<group>"; };
		498E62FF1E7BDA6A00C6B452 /* ResolveInstanceMethod.m */ = {isa = PBXFileReference; fileEncoding = 4; lastKnownFileType = sourcecode.c.objc; path = ResolveInstanceMethod.m; sourceTree = "<group>"; };
		49A0D5C71E77E35F00CB1B4D /* TestOC */ = {isa = PBXFileReference; explicitFileType = "compiled.mach-o.executable"; includeInIndex = 0; path = TestOC; sourceTree = BUILT_PRODUCTS_DIR; };
		49A0D5CA1E77E35F00CB1B4D /* main.m */ = {isa = PBXFileReference; lastKnownFileType = sourcecode.c.objc; path = main.m; sourceTree = "<group>"; };
		49A0D5D11E77E37400CB1B4D /* Person.h */ = {isa = PBXFileReference; fileEncoding = 4; lastKnownFileType = sourcecode.c.h; path = Person.h; sourceTree = "<group>"; };
		49A0D5D21E77E37400CB1B4D /* Person.m */ = {isa = PBXFileReference; fileEncoding = 4; lastKnownFileType = sourcecode.c.objc; path = Person.m; sourceTree = "<group>"; };
		49A0D5D41E77E38E00CB1B4D /* SimthPerson.h */ = {isa = PBXFileReference; fileEncoding = 4; lastKnownFileType = sourcecode.c.h; path = SimthPerson.h; sourceTree = "<group>"; };
		49A0D5D51E77E38E00CB1B4D /* SimthPerson.m */ = {isa = PBXFileReference; fileEncoding = 4; lastKnownFileType = sourcecode.c.objc; path = SimthPerson.m; sourceTree = "<group>"; };
		49D9C21C1E98544700345633 /* BDataModel+Utopia.h */ = {isa = PBXFileReference; fileEncoding = 4; lastKnownFileType = sourcecode.c.h; path = "BDataModel+Utopia.h"; sourceTree = "<group>"; };
		49D9C21D1E98544700345633 /* BDataModel+Utopia.m */ = {isa = PBXFileReference; fileEncoding = 4; lastKnownFileType = sourcecode.c.objc; path = "BDataModel+Utopia.m"; sourceTree = "<group>"; };
/* End PBXFileReference section */

/* Begin PBXFrameworksBuildPhase section */
		49A0D5C41E77E35E00CB1B4D /* Frameworks */ = {
			isa = PBXFrameworksBuildPhase;
			buildActionMask = 2147483647;
			files = (
			);
			runOnlyForDeploymentPostprocessing = 0;
		};
/* End PBXFrameworksBuildPhase section */

/* Begin PBXGroup section */
		4973BBAD1E80D4A100BA6294 /* DynamicMethodResolution */ = {
			isa = PBXGroup;
			children = (
				4973BBAE1E80DE2F00BA6294 /* EOCAutoDictionary.h */,
				4973BBAF1E80DE2F00BA6294 /* EOCAutoDictionary.m */,
			);
			name = DynamicMethodResolution;
			sourceTree = "<group>";
		};
		49A0D5BE1E77E35E00CB1B4D = {
			isa = PBXGroup;
			children = (
				49A0D5C91E77E35F00CB1B4D /* TestOC */,
				49A0D5C81E77E35F00CB1B4D /* Products */,
			);
			sourceTree = "<group>";
		};
		49A0D5C81E77E35F00CB1B4D /* Products */ = {
			isa = PBXGroup;
			children = (
				49A0D5C71E77E35F00CB1B4D /* TestOC */,
			);
			name = Products;
			sourceTree = "<group>";
		};
		49A0D5C91E77E35F00CB1B4D /* TestOC */ = {
			isa = PBXGroup;
			children = (
				49EDD0C31E95CDCE00D18B1A /* Delegate */,
				4973BBAD1E80D4A100BA6294 /* DynamicMethodResolution */,
				4979CCA81E8E245D0083F806 /* PersonBuilder.h */,
				4979CCA91E8E245D0083F806 /* PersonBuilder.m */,
				49A0D5CA1E77E35F00CB1B4D /* main.m */,
				49A0D5D11E77E37400CB1B4D /* Person.h */,
				49A0D5D21E77E37400CB1B4D /* Person.m */,
				49A0D5D41E77E38E00CB1B4D /* SimthPerson.h */,
				49A0D5D51E77E38E00CB1B4D /* SimthPerson.m */,
				498E62FE1E7BDA6A00C6B452 /* ResolveInstanceMethod.h */,
				498E62FF1E7BDA6A00C6B452 /* ResolveInstanceMethod.m */,
			);
			path = TestOC;
			sourceTree = "<group>";
		};
		49EDD0C31E95CDCE00D18B1A /* Delegate */ = {
			isa = PBXGroup;
			children = (
				4949A1D01E9619860063EDFA /* BDataModel.h */,
				4949A1D11E9619860063EDFA /* BDataModel.m */,
				4949A1D31E9619A00063EDFA /* BNetworkFetcher.h */,
				4949A1D41E9619A00063EDFA /* BNetworkFetcher.m */,
				49D9C21C1E98544700345633 /* BDataModel+Utopia.h */,
				49D9C21D1E98544700345633 /* BDataModel+Utopia.m */,
			);
			name = Delegate;
			sourceTree = "<group>";
		};
/* End PBXGroup section */

/* Begin PBXNativeTarget section */
		49A0D5C61E77E35E00CB1B4D /* TestOC */ = {
			isa = PBXNativeTarget;
			buildConfigurationList = 49A0D5CE1E77E35F00CB1B4D /* Build configuration list for PBXNativeTarget "TestOC" */;
			buildPhases = (
				49A0D5C31E77E35E00CB1B4D /* Sources */,
				49A0D5C41E77E35E00CB1B4D /* Frameworks */,
				49A0D5C51E77E35E00CB1B4D /* CopyFiles */,
			);
			buildRules = (
			);
			dependencies = (
			);
			name = TestOC;
			productName = TestOC;
			productReference = 49A0D5C71E77E35F00CB1B4D /* TestOC */;
			productType = "com.apple.product-type.tool";
		};
/* End PBXNativeTarget section */

/* Begin PBXProject section */
		49A0D5BF1E77E35E00CB1B4D /* Project object */ = {
			isa = PBXProject;
			attributes = {
				LastUpgradeCheck = 0820;
				ORGANIZATIONNAME = Utopia;
				TargetAttributes = {
					49A0D5C61E77E35E00CB1B4D = {
						CreatedOnToolsVersion = 8.2.1;
						DevelopmentTeam = WFSD595PZ9;
						ProvisioningStyle = Automatic;
					};
				};
			};
			buildConfigurationList = 49A0D5C21E77E35E00CB1B4D /* Build configuration list for PBXProject "TestOC" */;
			compatibilityVersion = "Xcode 3.2";
			developmentRegion = English;
			hasScannedForEncodings = 0;
			knownRegions = (
				en,
			);
			mainGroup = 49A0D5BE1E77E35E00CB1B4D;
			productRefGroup = 49A0D5C81E77E35F00CB1B4D /* Products */;
			projectDirPath = "";
			projectRoot = "";
			targets = (
				49A0D5C61E77E35E00CB1B4D /* TestOC */,
			);
		};
/* End PBXProject section */

/* Begin PBXSourcesBuildPhase section */
		49A0D5C31E77E35E00CB1B4D /* Sources */ = {
			isa = PBXSourcesBuildPhase;
			buildActionMask = 2147483647;
			files = (
				49D9C21E1E98544700345633 /* BDataModel+Utopia.m in Sources */,
				498E63001E7BDA6A00C6B452 /* ResolveInstanceMethod.m in Sources */,
				4949A1D51E9619A00063EDFA /* BNetworkFetcher.m in Sources */,
				49A0D5D61E77E38E00CB1B4D /* SimthPerson.m in Sources */,
				4979CCAA1E8E245D0083F806 /* PersonBuilder.m in Sources */,
				49A0D5D31E77E37400CB1B4D /* Person.m in Sources */,
				4973BBB01E80DE2F00BA6294 /* EOCAutoDictionary.m in Sources */,
				49A0D5CB1E77E35F00CB1B4D /* main.m in Sources */,
				4949A1D21E9619860063EDFA /* BDataModel.m in Sources */,
			);
			runOnlyForDeploymentPostprocessing = 0;
		};
/* End PBXSourcesBuildPhase section */

/* Begin XCBuildConfiguration section */
		49A0D5CC1E77E35F00CB1B4D /* Debug */ = {
			isa = XCBuildConfiguration;
			buildSettings = {
				ALWAYS_SEARCH_USER_PATHS = NO;
				CLANG_ANALYZER_NONNULL = YES;
				CLANG_CXX_LANGUAGE_STANDARD = "gnu++0x";
				CLANG_CXX_LIBRARY = "libc++";
				CLANG_ENABLE_MODULES = YES;
				CLANG_ENABLE_OBJC_ARC = YES;
				CLANG_WARN_BOOL_CONVERSION = YES;
				CLANG_WARN_CONSTANT_CONVERSION = YES;
				CLANG_WARN_DIRECT_OBJC_ISA_USAGE = YES_ERROR;
				CLANG_WARN_DOCUMENTATION_COMMENTS = YES;
				CLANG_WARN_EMPTY_BODY = YES;
				CLANG_WARN_ENUM_CONVERSION = YES;
				CLANG_WARN_INFINITE_RECURSION = YES;
				CLANG_WARN_INT_CONVERSION = YES;
				CLANG_WARN_OBJC_ROOT_CLASS = YES_ERROR;
				CLANG_WARN_SUSPICIOUS_MOVE = YES;
				CLANG_WARN_UNREACHABLE_CODE = YES;
				CLANG_WARN__DUPLICATE_METHOD_MATCH = YES;
				CODE_SIGN_IDENTITY = "-";
				COPY_PHASE_STRIP = NO;
				DEBUG_INFORMATION_FORMAT = dwarf;
				ENABLE_STRICT_OBJC_MSGSEND = YES;
				ENABLE_TESTABILITY = YES;
				GCC_C_LANGUAGE_STANDARD = gnu99;
				GCC_DYNAMIC_NO_PIC = NO;
				GCC_NO_COMMON_BLOCKS = YES;
				GCC_OPTIMIZATION_LEVEL = 0;
				GCC_PREPROCESSOR_DEFINITIONS = (
					"DEBUG=1",
					"$(inherited)",
				);
				GCC_WARN_64_TO_32_BIT_CONVERSION = YES;
				GCC_WARN_ABOUT_RETURN_TYPE = YES_ERROR;
				GCC_WARN_UNDECLARED_SELECTOR = YES;
				GCC_WARN_UNINITIALIZED_AUTOS = YES_AGGRESSIVE;
				GCC_WARN_UNUSED_FUNCTION = YES;
				GCC_WARN_UNUSED_VARIABLE = YES;
				MACOSX_DEPLOYMENT_TARGET = 10.12;
				MTL_ENABLE_DEBUG_INFO = YES;
				ONLY_ACTIVE_ARCH = YES;
				SDKROOT = macosx;
			};
			name = Debug;
		};
		49A0D5CD1E77E35F00CB1B4D /* Release */ = {
			isa = XCBuildConfiguration;
			buildSettings = {
				ALWAYS_SEARCH_USER_PATHS = NO;
				CLANG_ANALYZER_NONNULL = YES;
				CLANG_CXX_LANGUAGE_STANDARD = "gnu++0x";
				CLANG_CXX_LIBRARY = "libc++";
				CLANG_ENABLE_MODULES = YES;
				CLANG_ENABLE_OBJC_ARC = YES;
				CLANG_WARN_BOOL_CONVERSION = YES;
				CLANG_WARN_CONSTANT_CONVERSION = YES;
				CLANG_WARN_DIRECT_OBJC_ISA_USAGE = YES_ERROR;
				CLANG_WARN_DOCUMENTATION_COMMENTS = YES;
				CLANG_WARN_EMPTY_BODY = YES;
				CLANG_WARN_ENUM_CONVERSION = YES;
				CLANG_WARN_INFINITE_RECURSION = YES;
				CLANG_WARN_INT_CONVERSION = YES;
				CLANG_WARN_OBJC_ROOT_CLASS = YES_ERROR;
				CLANG_WARN_SUSPICIOUS_MOVE = YES;
				CLANG_WARN_UNREACHABLE_CODE = YES;
				CLANG_WARN__DUPLICATE_METHOD_MATCH = YES;
				CODE_SIGN_IDENTITY = "-";
				COPY_PHASE_STRIP = NO;
				DEBUG_INFORMATION_FORMAT = "dwarf-with-dsym";
				ENABLE_NS_ASSERTIONS = NO;
				ENABLE_STRICT_OBJC_MSGSEND = YES;
				GCC_C_LANGUAGE_STANDARD = gnu99;
				GCC_NO_COMMON_BLOCKS = YES;
				GCC_WARN_64_TO_32_BIT_CONVERSION = YES;
				GCC_WARN_ABOUT_RETURN_TYPE = YES_ERROR;
				GCC_WARN_UNDECLARED_SELECTOR = YES;
				GCC_WARN_UNINITIALIZED_AUTOS = YES_AGGRESSIVE;
				GCC_WARN_UNUSED_FUNCTION = YES;
				GCC_WARN_UNUSED_VARIABLE = YES;
				MACOSX_DEPLOYMENT_TARGET = 10.12;
				MTL_ENABLE_DEBUG_INFO = NO;
				SDKROOT = macosx;
			};
			name = Release;
		};
		49A0D5CF1E77E35F00CB1B4D /* Debug */ = {
			isa = XCBuildConfiguration;
			buildSettings = {
				DEVELOPMENT_TEAM = WFSD595PZ9;
				PRODUCT_NAME = "$(TARGET_NAME)";
			};
			name = Debug;
		};
		49A0D5D01E77E35F00CB1B4D /* Release */ = {
			isa = XCBuildConfiguration;
			buildSettings = {
				DEVELOPMENT_TEAM = WFSD595PZ9;
				PRODUCT_NAME = "$(TARGET_NAME)";
			};
			name = Release;
		};
/* End XCBuildConfiguration section */

/* Begin XCConfigurationList section */
		49A0D5C21E77E35E00CB1B4D /* Build configuration list for PBXProject "TestOC" */ = {
			isa = XCConfigurationList;
			buildConfigurations = (
				49A0D5CC1E77E35F00CB1B4D /* Debug */,
				49A0D5CD1E77E35F00CB1B4D /* Release */,
			);
			defaultConfigurationIsVisible = 0;
			defaultConfigurationName = Release;
		};
		49A0D5CE1E77E35F00CB1B4D /* Build configuration list for PBXNativeTarget "TestOC" */ = {
			isa = XCConfigurationList;
			buildConfigurations = (
				49A0D5CF1E77E35F00CB1B4D /* Debug */,
				49A0D5D01E77E35F00CB1B4D /* Release */,
			);
			defaultConfigurationIsVisible = 0;
			defaultConfigurationName = Release;
		};
/* End XCConfigurationList section */
	};
	rootObject = 49A0D5BF1E77E35E00CB1B4D /* Project object */;
}
