// !$*UTF8*$!
{
	archiveVersion = 1;
	classes = {
	};
	objectVersion = 46;
	objects = {

/* Begin PBXBuildFile section */
		0DA20E6286B140CAF5FF6C97 /* Pods_Test.framework in Frameworks */ = {isa = PBXBuildFile; fileRef = 8E11D3D760C66F810891921F /* Pods_Test.framework */; };
		496662E01E6E536A00039091 /* EOCPerson.m in Sources */ = {isa = PBXBuildFile; fileRef = 496662DF1E6E536A00039091 /* EOCPerson.m */; };
		496662E31E6E541D00039091 /* EOCEmployer.m in Sources */ = {isa = PBXBuildFile; fileRef = 496662E21E6E541D00039091 /* EOCEmployer.m */; };
		498744381DFFA1FA00F03228 /* ImageHelper.m in Sources */ = {isa = PBXBuildFile; fileRef = 498744371DFFA1FA00F03228 /* ImageHelper.m */; };
		49B8CB401DBF356200417F8C /* main.m in Sources */ = {isa = PBXBuildFile; fileRef = 49B8CB3F1DBF356200417F8C /* main.m */; };
		49B8CB431DBF356200417F8C /* AppDelegate.m in Sources */ = {isa = PBXBuildFile; fileRef = 49B8CB421DBF356200417F8C /* AppDelegate.m */; };
		49B8CB4C1DBF356200417F8C /* Test.xcdatamodeld in Sources */ = {isa = PBXBuildFile; fileRef = 49B8CB4A1DBF356200417F8C /* Test.xcdatamodeld */; };
		49B8CB4E1DBF356200417F8C /* Assets.xcassets in Resources */ = {isa = PBXBuildFile; fileRef = 49B8CB4D1DBF356200417F8C /* Assets.xcassets */; };
		49B8CB511DBF356200417F8C /* LaunchScreen.storyboard in Resources */ = {isa = PBXBuildFile; fileRef = 49B8CB4F1DBF356200417F8C /* LaunchScreen.storyboard */; };
		49B8CB5C1DBF356200417F8C /* TestTests.m in Sources */ = {isa = PBXBuildFile; fileRef = 49B8CB5B1DBF356200417F8C /* TestTests.m */; };
		49B8CB671DBF356200417F8C /* TestUITests.m in Sources */ = {isa = PBXBuildFile; fileRef = 49B8CB661DBF356200417F8C /* TestUITests.m */; };
		49DE65D51DD94ABD00F56090 /* UTLocationSearchViewController.m in Sources */ = {isa = PBXBuildFile; fileRef = 49DE65D21DD94ABD00F56090 /* UTLocationSearchViewController.m */; };
		49DE65D81DD94B0500F56090 /* LocationSearchTableViewCell.m in Sources */ = {isa = PBXBuildFile; fileRef = 49DE65D71DD94B0500F56090 /* LocationSearchTableViewCell.m */; };
		49DE661F1DD9C45200F56090 /* PresentedViewController.m in Sources */ = {isa = PBXBuildFile; fileRef = 49DE661E1DD9C45200F56090 /* PresentedViewController.m */; };
		49EC3A1E1DD5603E001B3687 /* FRPSignInService.m in Sources */ = {isa = PBXBuildFile; fileRef = 49EC3A1D1DD5603E001B3687 /* FRPSignInService.m */; };
		49FFD1151DCB1F9D00F75358 /* SecondViewController.m in Sources */ = {isa = PBXBuildFile; fileRef = 49FFD1141DCB1F9D00F75358 /* SecondViewController.m */; };
		49FFD1181DCB1FB300F75358 /* ThirdViewController.m in Sources */ = {isa = PBXBuildFile; fileRef = 49FFD1171DCB1FB300F75358 /* ThirdViewController.m */; };
		49FFD11E1DCB200D00F75358 /* FourthViewController.m in Sources */ = {isa = PBXBuildFile; fileRef = 49FFD11D1DCB200D00F75358 /* FourthViewController.m */; };
		49FFD1241DCB2E0E00F75358 /* FirstTableViewCell.m in Sources */ = {isa = PBXBuildFile; fileRef = 49FFD1231DCB2E0E00F75358 /* FirstTableViewCell.m */; };
		49FFD1361DCB342700F75358 /* FirstViewController.m in Sources */ = {isa = PBXBuildFile; fileRef = 49FFD1331DCB342700F75358 /* FirstViewController.m */; };
		49FFD13F1DCB3F4600F75358 /* NSObject+TCIdentifier.m in Sources */ = {isa = PBXBuildFile; fileRef = 49FFD13E1DCB3F4600F75358 /* NSObject+TCIdentifier.m */; };
		49FFD14D1DCB3F4E00F75358 /* UTNavigationController.m in Sources */ = {isa = PBXBuildFile; fileRef = 49FFD1421DCB3F4E00F75358 /* UTNavigationController.m */; };
		49FFD14E1DCB3F4E00F75358 /* UTSingleLabelTableViewCell.m in Sources */ = {isa = PBXBuildFile; fileRef = 49FFD1441DCB3F4E00F75358 /* UTSingleLabelTableViewCell.m */; };
		49FFD14F1DCB3F4E00F75358 /* UTTabBarController.m in Sources */ = {isa = PBXBuildFile; fileRef = 49FFD1461DCB3F4E00F75358 /* UTTabBarController.m */; };
		49FFD1501DCB3F4E00F75358 /* UTTableViewCell.m in Sources */ = {isa = PBXBuildFile; fileRef = 49FFD1481DCB3F4E00F75358 /* UTTableViewCell.m */; };
		49FFD1511DCB3F4E00F75358 /* UTTextField.m in Sources */ = {isa = PBXBuildFile; fileRef = 49FFD14A1DCB3F4E00F75358 /* UTTextField.m */; };
		49FFD1521DCB3F4E00F75358 /* UTViewController.m in Sources */ = {isa = PBXBuildFile; fileRef = 49FFD14C1DCB3F4E00F75358 /* UTViewController.m */; };
		49FFD1551DCB3F6B00F75358 /* UTButton.m in Sources */ = {isa = PBXBuildFile; fileRef = 49FFD1541DCB3F6B00F75358 /* UTButton.m */; };
		49FFD1591DCB3FED00F75358 /* ReactiveCocoaViewController.m in Sources */ = {isa = PBXBuildFile; fileRef = 49FFD1581DCB3FEC00F75358 /* ReactiveCocoaViewController.m */; };
/* End PBXBuildFile section */

/* Begin PBXContainerItemProxy section */
		49B8CB581DBF356200417F8C /* PBXContainerItemProxy */ = {
			isa = PBXContainerItemProxy;
			containerPortal = 49B8CB331DBF356100417F8C /* Project object */;
			proxyType = 1;
			remoteGlobalIDString = 49B8CB3A1DBF356100417F8C;
			remoteInfo = Test;
		};
		49B8CB631DBF356200417F8C /* PBXContainerItemProxy */ = {
			isa = PBXContainerItemProxy;
			containerPortal = 49B8CB331DBF356100417F8C /* Project object */;
			proxyType = 1;
			remoteGlobalIDString = 49B8CB3A1DBF356100417F8C;
			remoteInfo = Test;
		};
/* End PBXContainerItemProxy section */

/* Begin PBXFileReference section */
		1C378CF8461CCB8C5A159D83 /* Pods-Test.debug.xcconfig */ = {isa = PBXFileReference; includeInIndex = 1; lastKnownFileType = text.xcconfig; name = "Pods-Test.debug.xcconfig"; path = "Pods/Target Support Files/Pods-Test/Pods-Test.debug.xcconfig"; sourceTree = "<group>"; };
		496662DE1E6E536A00039091 /* EOCPerson.h */ = {isa = PBXFileReference; fileEncoding = 4; lastKnownFileType = sourcecode.c.h; path = EOCPerson.h; sourceTree = "<group>"; };
		496662DF1E6E536A00039091 /* EOCPerson.m */ = {isa = PBXFileReference; fileEncoding = 4; lastKnownFileType = sourcecode.c.objc; path = EOCPerson.m; sourceTree = "<group>"; };
		496662E11E6E541D00039091 /* EOCEmployer.h */ = {isa = PBXFileReference; fileEncoding = 4; lastKnownFileType = sourcecode.c.h; path = EOCEmployer.h; sourceTree = "<group>"; };
		496662E21E6E541D00039091 /* EOCEmployer.m */ = {isa = PBXFileReference; fileEncoding = 4; lastKnownFileType = sourcecode.c.objc; path = EOCEmployer.m; sourceTree = "<group>"; };
		498744361DFFA1FA00F03228 /* ImageHelper.h */ = {isa = PBXFileReference; fileEncoding = 4; lastKnownFileType = sourcecode.c.h; path = ImageHelper.h; sourceTree = "<group>"; };
		498744371DFFA1FA00F03228 /* ImageHelper.m */ = {isa = PBXFileReference; fileEncoding = 4; lastKnownFileType = sourcecode.c.objc; path = ImageHelper.m; sourceTree = "<group>"; };
		49B8CB3B1DBF356200417F8C /* Test.app */ = {isa = PBXFileReference; explicitFileType = wrapper.application; includeInIndex = 0; path = Test.app; sourceTree = BUILT_PRODUCTS_DIR; };
		49B8CB3F1DBF356200417F8C /* main.m */ = {isa = PBXFileReference; lastKnownFileType = sourcecode.c.objc; path = main.m; sourceTree = "<group>"; };
		49B8CB411DBF356200417F8C /* AppDelegate.h */ = {isa = PBXFileReference; lastKnownFileType = sourcecode.c.h; path = AppDelegate.h; sourceTree = "<group>"; };
		49B8CB421DBF356200417F8C /* AppDelegate.m */ = {isa = PBXFileReference; lastKnownFileType = sourcecode.c.objc; path = AppDelegate.m; sourceTree = "<group>"; };
		49B8CB4B1DBF356200417F8C /* Test.xcdatamodel */ = {isa = PBXFileReference; lastKnownFileType = wrapper.xcdatamodel; path = Test.xcdatamodel; sourceTree = "<group>"; };
		49B8CB4D1DBF356200417F8C /* Assets.xcassets */ = {isa = PBXFileReference; lastKnownFileType = folder.assetcatalog; path = Assets.xcassets; sourceTree = "<group>"; };
		49B8CB501DBF356200417F8C /* Base */ = {isa = PBXFileReference; lastKnownFileType = file.storyboard; name = Base; path = Base.lproj/LaunchScreen.storyboard; sourceTree = "<group>"; };
		49B8CB521DBF356200417F8C /* Info.plist */ = {isa = PBXFileReference; lastKnownFileType = text.plist.xml; path = Info.plist; sourceTree = "<group>"; };
		49B8CB571DBF356200417F8C /* TestTests.xctest */ = {isa = PBXFileReference; explicitFileType = wrapper.cfbundle; includeInIndex = 0; path = TestTests.xctest; sourceTree = BUILT_PRODUCTS_DIR; };
		49B8CB5B1DBF356200417F8C /* TestTests.m */ = {isa = PBXFileReference; lastKnownFileType = sourcecode.c.objc; path = TestTests.m; sourceTree = "<group>"; };
		49B8CB5D1DBF356200417F8C /* Info.plist */ = {isa = PBXFileReference; lastKnownFileType = text.plist.xml; path = Info.plist; sourceTree = "<group>"; };
		49B8CB621DBF356200417F8C /* TestUITests.xctest */ = {isa = PBXFileReference; explicitFileType = wrapper.cfbundle; includeInIndex = 0; path = TestUITests.xctest; sourceTree = BUILT_PRODUCTS_DIR; };
		49B8CB661DBF356200417F8C /* TestUITests.m */ = {isa = PBXFileReference; lastKnownFileType = sourcecode.c.objc; path = TestUITests.m; sourceTree = "<group>"; };
		49B8CB681DBF356200417F8C /* Info.plist */ = {isa = PBXFileReference; lastKnownFileType = text.plist.xml; path = Info.plist; sourceTree = "<group>"; };
		49B8CB751DBF37EA00417F8C /* PrefixHeader.pch */ = {isa = PBXFileReference; fileEncoding = 4; lastKnownFileType = sourcecode.c.h; path = PrefixHeader.pch; sourceTree = "<group>"; };
		49DE65D11DD94ABD00F56090 /* UTLocationSearchViewController.h */ = {isa = PBXFileReference; fileEncoding = 4; lastKnownFileType = sourcecode.c.h; path = UTLocationSearchViewController.h; sourceTree = "<group>"; };
		49DE65D21DD94ABD00F56090 /* UTLocationSearchViewController.m */ = {isa = PBXFileReference; fileEncoding = 4; lastKnownFileType = sourcecode.c.objc; path = UTLocationSearchViewController.m; sourceTree = "<group>"; };
		49DE65D61DD94B0500F56090 /* LocationSearchTableViewCell.h */ = {isa = PBXFileReference; fileEncoding = 4; lastKnownFileType = sourcecode.c.h; path = LocationSearchTableViewCell.h; sourceTree = "<group>"; };
		49DE65D71DD94B0500F56090 /* LocationSearchTableViewCell.m */ = {isa = PBXFileReference; fileEncoding = 4; lastKnownFileType = sourcecode.c.objc; path = LocationSearchTableViewCell.m; sourceTree = "<group>"; };
		49DE661D1DD9C45200F56090 /* PresentedViewController.h */ = {isa = PBXFileReference; fileEncoding = 4; lastKnownFileType = sourcecode.c.h; path = PresentedViewController.h; sourceTree = "<group>"; };
		49DE661E1DD9C45200F56090 /* PresentedViewController.m */ = {isa = PBXFileReference; fileEncoding = 4; lastKnownFileType = sourcecode.c.objc; path = PresentedViewController.m; sourceTree = "<group>"; };
		49EC3A1C1DD5603E001B3687 /* FRPSignInService.h */ = {isa = PBXFileReference; fileEncoding = 4; lastKnownFileType = sourcecode.c.h; path = FRPSignInService.h; sourceTree = "<group>"; };
		49EC3A1D1DD5603E001B3687 /* FRPSignInService.m */ = {isa = PBXFileReference; fileEncoding = 4; lastKnownFileType = sourcecode.c.objc; path = FRPSignInService.m; sourceTree = "<group>"; };
		49FFD0F81DCB189700F75358 /* UTCommon.h */ = {isa = PBXFileReference; lastKnownFileType = sourcecode.c.h; path = UTCommon.h; sourceTree = "<group>"; };
		49FFD1131DCB1F9D00F75358 /* SecondViewController.h */ = {isa = PBXFileReference; fileEncoding = 4; lastKnownFileType = sourcecode.c.h; path = SecondViewController.h; sourceTree = "<group>"; };
		49FFD1141DCB1F9D00F75358 /* SecondViewController.m */ = {isa = PBXFileReference; fileEncoding = 4; lastKnownFileType = sourcecode.c.objc; path = SecondViewController.m; sourceTree = "<group>"; };
		49FFD1161DCB1FB300F75358 /* ThirdViewController.h */ = {isa = PBXFileReference; fileEncoding = 4; lastKnownFileType = sourcecode.c.h; path = ThirdViewController.h; sourceTree = "<group>"; };
		49FFD1171DCB1FB300F75358 /* ThirdViewController.m */ = {isa = PBXFileReference; fileEncoding = 4; lastKnownFileType = sourcecode.c.objc; path = ThirdViewController.m; sourceTree = "<group>"; };
		49FFD11C1DCB200D00F75358 /* FourthViewController.h */ = {isa = PBXFileReference; fileEncoding = 4; lastKnownFileType = sourcecode.c.h; path = FourthViewController.h; sourceTree = "<group>"; };
		49FFD11D1DCB200D00F75358 /* FourthViewController.m */ = {isa = PBXFileReference; fileEncoding = 4; lastKnownFileType = sourcecode.c.objc; path = FourthViewController.m; sourceTree = "<group>"; };
		49FFD1221DCB2E0E00F75358 /* FirstTableViewCell.h */ = {isa = PBXFileReference; fileEncoding = 4; lastKnownFileType = sourcecode.c.h; path = FirstTableViewCell.h; sourceTree = "<group>"; };
		49FFD1231DCB2E0E00F75358 /* FirstTableViewCell.m */ = {isa = PBXFileReference; fileEncoding = 4; lastKnownFileType = sourcecode.c.objc; path = FirstTableViewCell.m; sourceTree = "<group>"; };
		49FFD1321DCB342700F75358 /* FirstViewController.h */ = {isa = PBXFileReference; fileEncoding = 4; lastKnownFileType = sourcecode.c.h; path = FirstViewController.h; sourceTree = "<group>"; };
		49FFD1331DCB342700F75358 /* FirstViewController.m */ = {isa = PBXFileReference; fileEncoding = 4; lastKnownFileType = sourcecode.c.objc; path = FirstViewController.m; sourceTree = "<group>"; };
		49FFD13D1DCB3F4600F75358 /* NSObject+TCIdentifier.h */ = {isa = PBXFileReference; fileEncoding = 4; lastKnownFileType = sourcecode.c.h; path = "NSObject+TCIdentifier.h"; sourceTree = "<group>"; };
		49FFD13E1DCB3F4600F75358 /* NSObject+TCIdentifier.m */ = {isa = PBXFileReference; fileEncoding = 4; lastKnownFileType = sourcecode.c.objc; path = "NSObject+TCIdentifier.m"; sourceTree = "<group>"; };
		49FFD1411DCB3F4E00F75358 /* UTNavigationController.h */ = {isa = PBXFileReference; fileEncoding = 4; lastKnownFileType = sourcecode.c.h; path = UTNavigationController.h; sourceTree = "<group>"; };
		49FFD1421DCB3F4E00F75358 /* UTNavigationController.m */ = {isa = PBXFileReference; fileEncoding = 4; lastKnownFileType = sourcecode.c.objc; path = UTNavigationController.m; sourceTree = "<group>"; };
		49FFD1431DCB3F4E00F75358 /* UTSingleLabelTableViewCell.h */ = {isa = PBXFileReference; fileEncoding = 4; lastKnownFileType = sourcecode.c.h; path = UTSingleLabelTableViewCell.h; sourceTree = "<group>"; };
		49FFD1441DCB3F4E00F75358 /* UTSingleLabelTableViewCell.m */ = {isa = PBXFileReference; fileEncoding = 4; lastKnownFileType = sourcecode.c.objc; path = UTSingleLabelTableViewCell.m; sourceTree = "<group>"; };
		49FFD1451DCB3F4E00F75358 /* UTTabBarController.h */ = {isa = PBXFileReference; fileEncoding = 4; lastKnownFileType = sourcecode.c.h; path = UTTabBarController.h; sourceTree = "<group>"; };
		49FFD1461DCB3F4E00F75358 /* UTTabBarController.m */ = {isa = PBXFileReference; fileEncoding = 4; lastKnownFileType = sourcecode.c.objc; path = UTTabBarController.m; sourceTree = "<group>"; };
		49FFD1471DCB3F4E00F75358 /* UTTableViewCell.h */ = {isa = PBXFileReference; fileEncoding = 4; lastKnownFileType = sourcecode.c.h; path = UTTableViewCell.h; sourceTree = "<group>"; };
		49FFD1481DCB3F4E00F75358 /* UTTableViewCell.m */ = {isa = PBXFileReference; fileEncoding = 4; lastKnownFileType = sourcecode.c.objc; path = UTTableViewCell.m; sourceTree = "<group>"; };
		49FFD1491DCB3F4E00F75358 /* UTTextField.h */ = {isa = PBXFileReference; fileEncoding = 4; lastKnownFileType = sourcecode.c.h; path = UTTextField.h; sourceTree = "<group>"; };
		49FFD14A1DCB3F4E00F75358 /* UTTextField.m */ = {isa = PBXFileReference; fileEncoding = 4; lastKnownFileType = sourcecode.c.objc; path = UTTextField.m; sourceTree = "<group>"; };
		49FFD14B1DCB3F4E00F75358 /* UTViewController.h */ = {isa = PBXFileReference; fileEncoding = 4; lastKnownFileType = sourcecode.c.h; path = UTViewController.h; sourceTree = "<group>"; };
		49FFD14C1DCB3F4E00F75358 /* UTViewController.m */ = {isa = PBXFileReference; fileEncoding = 4; lastKnownFileType = sourcecode.c.objc; path = UTViewController.m; sourceTree = "<group>"; };
		49FFD1531DCB3F6B00F75358 /* UTButton.h */ = {isa = PBXFileReference; fileEncoding = 4; lastKnownFileType = sourcecode.c.h; path = UTButton.h; sourceTree = "<group>"; };
		49FFD1541DCB3F6B00F75358 /* UTButton.m */ = {isa = PBXFileReference; fileEncoding = 4; lastKnownFileType = sourcecode.c.objc; path = UTButton.m; sourceTree = "<group>"; };
		49FFD1571DCB3FEC00F75358 /* ReactiveCocoaViewController.h */ = {isa = PBXFileReference; fileEncoding = 4; lastKnownFileType = sourcecode.c.h; path = ReactiveCocoaViewController.h; sourceTree = "<group>"; };
		49FFD1581DCB3FEC00F75358 /* ReactiveCocoaViewController.m */ = {isa = PBXFileReference; fileEncoding = 4; lastKnownFileType = sourcecode.c.objc; path = ReactiveCocoaViewController.m; sourceTree = "<group>"; };
		8E11D3D760C66F810891921F /* Pods_Test.framework */ = {isa = PBXFileReference; explicitFileType = wrapper.framework; includeInIndex = 0; path = Pods_Test.framework; sourceTree = BUILT_PRODUCTS_DIR; };
		CA4BA53D289F80579FBD0036 /* Pods-Test.release.xcconfig */ = {isa = PBXFileReference; includeInIndex = 1; lastKnownFileType = text.xcconfig; name = "Pods-Test.release.xcconfig"; path = "Pods/Target Support Files/Pods-Test/Pods-Test.release.xcconfig"; sourceTree = "<group>"; };
/* End PBXFileReference section */

/* Begin PBXFrameworksBuildPhase section */
		49B8CB381DBF356100417F8C /* Frameworks */ = {
			isa = PBXFrameworksBuildPhase;
			buildActionMask = 2147483647;
			files = (
				0DA20E6286B140CAF5FF6C97 /* Pods_Test.framework in Frameworks */,
			);
			runOnlyForDeploymentPostprocessing = 0;
		};
		49B8CB541DBF356200417F8C /* Frameworks */ = {
			isa = PBXFrameworksBuildPhase;
			buildActionMask = 2147483647;
			files = (
			);
			runOnlyForDeploymentPostprocessing = 0;
		};
		49B8CB5F1DBF356200417F8C /* Frameworks */ = {
			isa = PBXFrameworksBuildPhase;
			buildActionMask = 2147483647;
			files = (
			);
			runOnlyForDeploymentPostprocessing = 0;
		};
/* End PBXFrameworksBuildPhase section */

/* Begin PBXGroup section */
		1B7A5A6FBC764D201F58858A /* Frameworks */ = {
			isa = PBXGroup;
			children = (
				8E11D3D760C66F810891921F /* Pods_Test.framework */,
			);
			name = Frameworks;
			sourceTree = "<group>";
		};
		2DBF60C5D42CA45CE47DD218 /* Pods */ = {
			isa = PBXGroup;
			children = (
				1C378CF8461CCB8C5A159D83 /* Pods-Test.debug.xcconfig */,
				CA4BA53D289F80579FBD0036 /* Pods-Test.release.xcconfig */,
			);
			name = Pods;
			sourceTree = "<group>";
		};
		498744351DFFA1FA00F03228 /* Tools */ = {
			isa = PBXGroup;
			children = (
				498744361DFFA1FA00F03228 /* ImageHelper.h */,
				498744371DFFA1FA00F03228 /* ImageHelper.m */,
			);
			path = Tools;
			sourceTree = "<group>";
		};
		49B8CB321DBF356100417F8C = {
			isa = PBXGroup;
			children = (
				49B8CB3D1DBF356200417F8C /* Test */,
				49B8CB5A1DBF356200417F8C /* TestTests */,
				49B8CB651DBF356200417F8C /* TestUITests */,
				49B8CB3C1DBF356200417F8C /* Products */,
				2DBF60C5D42CA45CE47DD218 /* Pods */,
				1B7A5A6FBC764D201F58858A /* Frameworks */,
			);
			sourceTree = "<group>";
		};
		49B8CB3C1DBF356200417F8C /* Products */ = {
			isa = PBXGroup;
			children = (
				49B8CB3B1DBF356200417F8C /* Test.app */,
				49B8CB571DBF356200417F8C /* TestTests.xctest */,
				49B8CB621DBF356200417F8C /* TestUITests.xctest */,
			);
			name = Products;
			sourceTree = "<group>";
		};
		49B8CB3D1DBF356200417F8C /* Test */ = {
			isa = PBXGroup;
			children = (
				49FFD0F41DCB183000F75358 /* MainInterface */,
				49FFD0EA1DCB16CA00F75358 /* Common */,
				49B8CB751DBF37EA00417F8C /* PrefixHeader.pch */,
				49B8CB411DBF356200417F8C /* AppDelegate.h */,
				49B8CB421DBF356200417F8C /* AppDelegate.m */,
				49B8CB4D1DBF356200417F8C /* Assets.xcassets */,
				49B8CB4F1DBF356200417F8C /* LaunchScreen.storyboard */,
				49B8CB521DBF356200417F8C /* Info.plist */,
				49B8CB4A1DBF356200417F8C /* Test.xcdatamodeld */,
				49B8CB3E1DBF356200417F8C /* Supporting Files */,
			);
			path = Test;
			sourceTree = "<group>";
		};
		49B8CB3E1DBF356200417F8C /* Supporting Files */ = {
			isa = PBXGroup;
			children = (
				49B8CB3F1DBF356200417F8C /* main.m */,
			);
			name = "Supporting Files";
			sourceTree = "<group>";
		};
		49B8CB5A1DBF356200417F8C /* TestTests */ = {
			isa = PBXGroup;
			children = (
				49B8CB5B1DBF356200417F8C /* TestTests.m */,
				49B8CB5D1DBF356200417F8C /* Info.plist */,
			);
			path = TestTests;
			sourceTree = "<group>";
		};
		49B8CB651DBF356200417F8C /* TestUITests */ = {
			isa = PBXGroup;
			children = (
				49B8CB661DBF356200417F8C /* TestUITests.m */,
				49B8CB681DBF356200417F8C /* Info.plist */,
			);
			path = TestUITests;
			sourceTree = "<group>";
		};
		49DE65CF1DD94ABD00F56090 /* LocationSearch */ = {
			isa = PBXGroup;
			children = (
				49DE65D01DD94ABD00F56090 /* Controlller */,
				49DE65D31DD94ABD00F56090 /* Model */,
				49DE65D41DD94ABD00F56090 /* View */,
			);
			path = LocationSearch;
			sourceTree = "<group>";
		};
		49DE65D01DD94ABD00F56090 /* Controlller */ = {
			isa = PBXGroup;
			children = (
				49DE65D11DD94ABD00F56090 /* UTLocationSearchViewController.h */,
				49DE65D21DD94ABD00F56090 /* UTLocationSearchViewController.m */,
			);
			path = Controlller;
			sourceTree = "<group>";
		};
		49DE65D31DD94ABD00F56090 /* Model */ = {
			isa = PBXGroup;
			children = (
			);
			path = Model;
			sourceTree = "<group>";
		};
		49DE65D41DD94ABD00F56090 /* View */ = {
			isa = PBXGroup;
			children = (
				49DE65D61DD94B0500F56090 /* LocationSearchTableViewCell.h */,
				49DE65D71DD94B0500F56090 /* LocationSearchTableViewCell.m */,
			);
			path = View;
			sourceTree = "<group>";
		};
		49DE66191DD9C13600F56090 /* PresentNavigationController */ = {
			isa = PBXGroup;
			children = (
				49DE661A1DD9C13600F56090 /* Controller */,
				49DE661B1DD9C13600F56090 /* Model */,
				49DE661C1DD9C13600F56090 /* View */,
			);
			path = PresentNavigationController;
			sourceTree = "<group>";
		};
		49DE661A1DD9C13600F56090 /* Controller */ = {
			isa = PBXGroup;
			children = (
				49DE661D1DD9C45200F56090 /* PresentedViewController.h */,
				49DE661E1DD9C45200F56090 /* PresentedViewController.m */,
			);
			path = Controller;
			sourceTree = "<group>";
		};
		49DE661B1DD9C13600F56090 /* Model */ = {
			isa = PBXGroup;
			children = (
			);
			path = Model;
			sourceTree = "<group>";
		};
		49DE661C1DD9C13600F56090 /* View */ = {
			isa = PBXGroup;
			children = (
			);
			path = View;
			sourceTree = "<group>";
		};
		49EC3A1B1DD55FFB001B3687 /* Service */ = {
			isa = PBXGroup;
			children = (
				49EC3A1C1DD5603E001B3687 /* FRPSignInService.h */,
				49EC3A1D1DD5603E001B3687 /* FRPSignInService.m */,
			);
			path = Service;
			sourceTree = "<group>";
		};
		49FFD0EA1DCB16CA00F75358 /* Common */ = {
			isa = PBXGroup;
			children = (
				498744351DFFA1FA00F03228 /* Tools */,
				49FFD1401DCB3F4E00F75358 /* BaseComponent */,
				49FFD13D1DCB3F4600F75358 /* NSObject+TCIdentifier.h */,
				49FFD13E1DCB3F4600F75358 /* NSObject+TCIdentifier.m */,
				49FFD0F81DCB189700F75358 /* UTCommon.h */,
			);
			path = Common;
			sourceTree = "<group>";
		};
		49FFD0F41DCB183000F75358 /* MainInterface */ = {
			isa = PBXGroup;
			children = (
				49FFD1001DCB1F2500F75358 /* First */,
				49FFD1081DCB1F7200F75358 /* Second */,
				49FFD10C1DCB1F7200F75358 /* Third */,
				49FFD1041DCB1F7200F75358 /* Fourth */,
			);
			path = MainInterface;
			sourceTree = "<group>";
		};
		49FFD1001DCB1F2500F75358 /* First */ = {
			isa = PBXGroup;
			children = (
				49FFD1301DCB342700F75358 /* FirstBase */,
				49DE66191DD9C13600F56090 /* PresentNavigationController */,
				49DE65CF1DD94ABD00F56090 /* LocationSearch */,
				49FFD12B1DCB33DA00F75358 /* ReactiveCocoa */,
			);
			path = First;
			sourceTree = "<group>";
		};
		49FFD1041DCB1F7200F75358 /* Fourth */ = {
			isa = PBXGroup;
			children = (
				49FFD1051DCB1F7200F75358 /* Controller */,
				49FFD1061DCB1F7200F75358 /* Model */,
				49FFD1071DCB1F7200F75358 /* View */,
			);
			path = Fourth;
			sourceTree = "<group>";
		};
		49FFD1051DCB1F7200F75358 /* Controller */ = {
			isa = PBXGroup;
			children = (
				49FFD11C1DCB200D00F75358 /* FourthViewController.h */,
				49FFD11D1DCB200D00F75358 /* FourthViewController.m */,
			);
			path = Controller;
			sourceTree = "<group>";
		};
		49FFD1061DCB1F7200F75358 /* Model */ = {
			isa = PBXGroup;
			children = (
			);
			path = Model;
			sourceTree = "<group>";
		};
		49FFD1071DCB1F7200F75358 /* View */ = {
			isa = PBXGroup;
			children = (
				49FFD1221DCB2E0E00F75358 /* FirstTableViewCell.h */,
				49FFD1231DCB2E0E00F75358 /* FirstTableViewCell.m */,
			);
			path = View;
			sourceTree = "<group>";
		};
		49FFD1081DCB1F7200F75358 /* Second */ = {
			isa = PBXGroup;
			children = (
				49FFD1091DCB1F7200F75358 /* Controller */,
				49FFD10A1DCB1F7200F75358 /* Model */,
				49FFD10B1DCB1F7200F75358 /* View */,
			);
			path = Second;
			sourceTree = "<group>";
		};
		49FFD1091DCB1F7200F75358 /* Controller */ = {
			isa = PBXGroup;
			children = (
				49FFD1131DCB1F9D00F75358 /* SecondViewController.h */,
				49FFD1141DCB1F9D00F75358 /* SecondViewController.m */,
			);
			path = Controller;
			sourceTree = "<group>";
		};
		49FFD10A1DCB1F7200F75358 /* Model */ = {
			isa = PBXGroup;
			children = (
			);
			path = Model;
			sourceTree = "<group>";
		};
		49FFD10B1DCB1F7200F75358 /* View */ = {
			isa = PBXGroup;
			children = (
			);
			path = View;
			sourceTree = "<group>";
		};
		49FFD10C1DCB1F7200F75358 /* Third */ = {
			isa = PBXGroup;
			children = (
				49FFD10D1DCB1F7200F75358 /* Controller */,
				49FFD10E1DCB1F7200F75358 /* Model */,
				49FFD10F1DCB1F7200F75358 /* View */,
			);
			path = Third;
			sourceTree = "<group>";
		};
		49FFD10D1DCB1F7200F75358 /* Controller */ = {
			isa = PBXGroup;
			children = (
				49FFD1161DCB1FB300F75358 /* ThirdViewController.h */,
				49FFD1171DCB1FB300F75358 /* ThirdViewController.m */,
			);
			path = Controller;
			sourceTree = "<group>";
		};
		49FFD10E1DCB1F7200F75358 /* Model */ = {
			isa = PBXGroup;
			children = (
			);
			path = Model;
			sourceTree = "<group>";
		};
		49FFD10F1DCB1F7200F75358 /* View */ = {
			isa = PBXGroup;
			children = (
			);
			path = View;
			sourceTree = "<group>";
		};
		49FFD12B1DCB33DA00F75358 /* ReactiveCocoa */ = {
			isa = PBXGroup;
			children = (
				49EC3A1B1DD55FFB001B3687 /* Service */,
				49FFD1561DCB3FEC00F75358 /* Controller */,
				49FFD12D1DCB33DA00F75358 /* Model */,
				49FFD12E1DCB33DA00F75358 /* View */,
			);
			path = ReactiveCocoa;
			sourceTree = "<group>";
		};
		49FFD12D1DCB33DA00F75358 /* Model */ = {
			isa = PBXGroup;
			children = (
			);
			path = Model;
			sourceTree = "<group>";
		};
		49FFD12E1DCB33DA00F75358 /* View */ = {
			isa = PBXGroup;
			children = (
			);
			path = View;
			sourceTree = "<group>";
		};
		49FFD1301DCB342700F75358 /* FirstBase */ = {
			isa = PBXGroup;
			children = (
				49FFD1311DCB342700F75358 /* Controller */,
				49FFD1341DCB342700F75358 /* Model */,
				49FFD1351DCB342700F75358 /* View */,
			);
			path = FirstBase;
			sourceTree = "<group>";
		};
		49FFD1311DCB342700F75358 /* Controller */ = {
			isa = PBXGroup;
			children = (
				49FFD1321DCB342700F75358 /* FirstViewController.h */,
				49FFD1331DCB342700F75358 /* FirstViewController.m */,
			);
			path = Controller;
			sourceTree = "<group>";
		};
		49FFD1341DCB342700F75358 /* Model */ = {
			isa = PBXGroup;
			children = (
				496662DE1E6E536A00039091 /* EOCPerson.h */,
				496662DF1E6E536A00039091 /* EOCPerson.m */,
				496662E11E6E541D00039091 /* EOCEmployer.h */,
				496662E21E6E541D00039091 /* EOCEmployer.m */,
			);
			path = Model;
			sourceTree = "<group>";
		};
		49FFD1351DCB342700F75358 /* View */ = {
			isa = PBXGroup;
			children = (
			);
			path = View;
			sourceTree = "<group>";
		};
		49FFD1401DCB3F4E00F75358 /* BaseComponent */ = {
			isa = PBXGroup;
			children = (
				49FFD1411DCB3F4E00F75358 /* UTNavigationController.h */,
				49FFD1421DCB3F4E00F75358 /* UTNavigationController.m */,
				49FFD1431DCB3F4E00F75358 /* UTSingleLabelTableViewCell.h */,
				49FFD1441DCB3F4E00F75358 /* UTSingleLabelTableViewCell.m */,
				49FFD1451DCB3F4E00F75358 /* UTTabBarController.h */,
				49FFD1461DCB3F4E00F75358 /* UTTabBarController.m */,
				49FFD1471DCB3F4E00F75358 /* UTTableViewCell.h */,
				49FFD1481DCB3F4E00F75358 /* UTTableViewCell.m */,
				49FFD1491DCB3F4E00F75358 /* UTTextField.h */,
				49FFD14A1DCB3F4E00F75358 /* UTTextField.m */,
				49FFD14B1DCB3F4E00F75358 /* UTViewController.h */,
				49FFD14C1DCB3F4E00F75358 /* UTViewController.m */,
				49FFD1531DCB3F6B00F75358 /* UTButton.h */,
				49FFD1541DCB3F6B00F75358 /* UTButton.m */,
			);
			path = BaseComponent;
			sourceTree = "<group>";
		};
		49FFD1561DCB3FEC00F75358 /* Controller */ = {
			isa = PBXGroup;
			children = (
				49FFD1571DCB3FEC00F75358 /* ReactiveCocoaViewController.h */,
				49FFD1581DCB3FEC00F75358 /* ReactiveCocoaViewController.m */,
			);
			path = Controller;
			sourceTree = "<group>";
		};
/* End PBXGroup section */

/* Begin PBXNativeTarget section */
		49B8CB3A1DBF356100417F8C /* Test */ = {
			isa = PBXNativeTarget;
			buildConfigurationList = 49B8CB6B1DBF356200417F8C /* Build configuration list for PBXNativeTarget "Test" */;
			buildPhases = (
				327B087AF36FF51464BC1393 /* [CP] Check Pods Manifest.lock */,
				49B8CB371DBF356100417F8C /* Sources */,
				49B8CB381DBF356100417F8C /* Frameworks */,
				49B8CB391DBF356100417F8C /* Resources */,
				E18734CBFFAADAA48EB8840A /* [CP] Embed Pods Frameworks */,
				BFDBA21BBFE36756F680E563 /* [CP] Copy Pods Resources */,
			);
			buildRules = (
			);
			dependencies = (
			);
			name = Test;
			productName = Test;
			productReference = 49B8CB3B1DBF356200417F8C /* Test.app */;
			productType = "com.apple.product-type.application";
		};
		49B8CB561DBF356200417F8C /* TestTests */ = {
			isa = PBXNativeTarget;
			buildConfigurationList = 49B8CB6E1DBF356200417F8C /* Build configuration list for PBXNativeTarget "TestTests" */;
			buildPhases = (
				49B8CB531DBF356200417F8C /* Sources */,
				49B8CB541DBF356200417F8C /* Frameworks */,
				49B8CB551DBF356200417F8C /* Resources */,
			);
			buildRules = (
			);
			dependencies = (
				49B8CB591DBF356200417F8C /* PBXTargetDependency */,
			);
			name = TestTests;
			productName = TestTests;
			productReference = 49B8CB571DBF356200417F8C /* TestTests.xctest */;
			productType = "com.apple.product-type.bundle.unit-test";
		};
		49B8CB611DBF356200417F8C /* TestUITests */ = {
			isa = PBXNativeTarget;
			buildConfigurationList = 49B8CB711DBF356200417F8C /* Build configuration list for PBXNativeTarget "TestUITests" */;
			buildPhases = (
				49B8CB5E1DBF356200417F8C /* Sources */,
				49B8CB5F1DBF356200417F8C /* Frameworks */,
				49B8CB601DBF356200417F8C /* Resources */,
			);
			buildRules = (
			);
			dependencies = (
				49B8CB641DBF356200417F8C /* PBXTargetDependency */,
			);
			name = TestUITests;
			productName = TestUITests;
			productReference = 49B8CB621DBF356200417F8C /* TestUITests.xctest */;
			productType = "com.apple.product-type.bundle.ui-testing";
		};
/* End PBXNativeTarget section */

/* Begin PBXProject section */
		49B8CB331DBF356100417F8C /* Project object */ = {
			isa = PBXProject;
			attributes = {
				LastUpgradeCheck = 0810;
				ORGANIZATIONNAME = Utopia;
				TargetAttributes = {
					49B8CB3A1DBF356100417F8C = {
						CreatedOnToolsVersion = 8.0;
						DevelopmentTeam = 39F533GK84;
						ProvisioningStyle = Automatic;
					};
					49B8CB561DBF356200417F8C = {
						CreatedOnToolsVersion = 8.0;
						ProvisioningStyle = Automatic;
						TestTargetID = 49B8CB3A1DBF356100417F8C;
					};
					49B8CB611DBF356200417F8C = {
						CreatedOnToolsVersion = 8.0;
						ProvisioningStyle = Automatic;
						TestTargetID = 49B8CB3A1DBF356100417F8C;
					};
				};
			};
			buildConfigurationList = 49B8CB361DBF356100417F8C /* Build configuration list for PBXProject "Test" */;
			compatibilityVersion = "Xcode 3.2";
			developmentRegion = English;
			hasScannedForEncodings = 0;
			knownRegions = (
				en,
				Base,
			);
			mainGroup = 49B8CB321DBF356100417F8C;
			productRefGroup = 49B8CB3C1DBF356200417F8C /* Products */;
			projectDirPath = "";
			projectRoot = "";
			targets = (
				49B8CB3A1DBF356100417F8C /* Test */,
				49B8CB561DBF356200417F8C /* TestTests */,
				49B8CB611DBF356200417F8C /* TestUITests */,
			);
		};
/* End PBXProject section */

/* Begin PBXResourcesBuildPhase section */
		49B8CB391DBF356100417F8C /* Resources */ = {
			isa = PBXResourcesBuildPhase;
			buildActionMask = 2147483647;
			files = (
				49B8CB511DBF356200417F8C /* LaunchScreen.storyboard in Resources */,
				49B8CB4E1DBF356200417F8C /* Assets.xcassets in Resources */,
			);
			runOnlyForDeploymentPostprocessing = 0;
		};
		49B8CB551DBF356200417F8C /* Resources */ = {
			isa = PBXResourcesBuildPhase;
			buildActionMask = 2147483647;
			files = (
			);
			runOnlyForDeploymentPostprocessing = 0;
		};
		49B8CB601DBF356200417F8C /* Resources */ = {
			isa = PBXResourcesBuildPhase;
			buildActionMask = 2147483647;
			files = (
			);
			runOnlyForDeploymentPostprocessing = 0;
		};
/* End PBXResourcesBuildPhase section */

/* Begin PBXShellScriptBuildPhase section */
		327B087AF36FF51464BC1393 /* [CP] Check Pods Manifest.lock */ = {
			isa = PBXShellScriptBuildPhase;
			buildActionMask = 2147483647;
			files = (
			);
			inputPaths = (
			);
			name = "[CP] Check Pods Manifest.lock";
			outputPaths = (
			);
			runOnlyForDeploymentPostprocessing = 0;
			shellPath = /bin/sh;
			shellScript = "diff \"${PODS_ROOT}/../Podfile.lock\" \"${PODS_ROOT}/Manifest.lock\" > /dev/null\nif [ $? != 0 ] ; then\n    # print error to STDERR\n    echo \"error: The sandbox is not in sync with the Podfile.lock. Run 'pod install' or update your CocoaPods installation.\" >&2\n    exit 1\nfi\n";
			showEnvVarsInLog = 0;
		};
		BFDBA21BBFE36756F680E563 /* [CP] Copy Pods Resources */ = {
			isa = PBXShellScriptBuildPhase;
			buildActionMask = 2147483647;
			files = (
			);
			inputPaths = (
			);
			name = "[CP] Copy Pods Resources";
			outputPaths = (
			);
			runOnlyForDeploymentPostprocessing = 0;
			shellPath = /bin/sh;
			shellScript = "\"${SRCROOT}/Pods/Target Support Files/Pods-Test/Pods-Test-resources.sh\"\n";
			showEnvVarsInLog = 0;
		};
		E18734CBFFAADAA48EB8840A /* [CP] Embed Pods Frameworks */ = {
			isa = PBXShellScriptBuildPhase;
			buildActionMask = 2147483647;
			files = (
			);
			inputPaths = (
			);
			name = "[CP] Embed Pods Frameworks";
			outputPaths = (
			);
			runOnlyForDeploymentPostprocessing = 0;
			shellPath = /bin/sh;
			shellScript = "\"${SRCROOT}/Pods/Target Support Files/Pods-Test/Pods-Test-frameworks.sh\"\n";
			showEnvVarsInLog = 0;
		};
/* End PBXShellScriptBuildPhase section */

/* Begin PBXSourcesBuildPhase section */
		49B8CB371DBF356100417F8C /* Sources */ = {
			isa = PBXSourcesBuildPhase;
			buildActionMask = 2147483647;
			files = (
				49FFD1511DCB3F4E00F75358 /* UTTextField.m in Sources */,
				49FFD1591DCB3FED00F75358 /* ReactiveCocoaViewController.m in Sources */,
				49FFD13F1DCB3F4600F75358 /* NSObject+TCIdentifier.m in Sources */,
				49FFD1151DCB1F9D00F75358 /* SecondViewController.m in Sources */,
				49FFD14D1DCB3F4E00F75358 /* UTNavigationController.m in Sources */,
				49FFD1241DCB2E0E00F75358 /* FirstTableViewCell.m in Sources */,
				49FFD14F1DCB3F4E00F75358 /* UTTabBarController.m in Sources */,
				49DE65D51DD94ABD00F56090 /* UTLocationSearchViewController.m in Sources */,
				49FFD11E1DCB200D00F75358 /* FourthViewController.m in Sources */,
				49FFD1181DCB1FB300F75358 /* ThirdViewController.m in Sources */,
				49DE65D81DD94B0500F56090 /* LocationSearchTableViewCell.m in Sources */,
				496662E01E6E536A00039091 /* EOCPerson.m in Sources */,
				496662E31E6E541D00039091 /* EOCEmployer.m in Sources */,
				49B8CB4C1DBF356200417F8C /* Test.xcdatamodeld in Sources */,
				49FFD14E1DCB3F4E00F75358 /* UTSingleLabelTableViewCell.m in Sources */,
				49FFD1551DCB3F6B00F75358 /* UTButton.m in Sources */,
				49FFD1501DCB3F4E00F75358 /* UTTableViewCell.m in Sources */,
				49DE661F1DD9C45200F56090 /* PresentedViewController.m in Sources */,
				49FFD1361DCB342700F75358 /* FirstViewController.m in Sources */,
				498744381DFFA1FA00F03228 /* ImageHelper.m in Sources */,
				49B8CB431DBF356200417F8C /* AppDelegate.m in Sources */,
				49FFD1521DCB3F4E00F75358 /* UTViewController.m in Sources */,
				49EC3A1E1DD5603E001B3687 /* FRPSignInService.m in Sources */,
				49B8CB401DBF356200417F8C /* main.m in Sources */,
			);
			runOnlyForDeploymentPostprocessing = 0;
		};
		49B8CB531DBF356200417F8C /* Sources */ = {
			isa = PBXSourcesBuildPhase;
			buildActionMask = 2147483647;
			files = (
				49B8CB5C1DBF356200417F8C /* TestTests.m in Sources */,
			);
			runOnlyForDeploymentPostprocessing = 0;
		};
		49B8CB5E1DBF356200417F8C /* Sources */ = {
			isa = PBXSourcesBuildPhase;
			buildActionMask = 2147483647;
			files = (
				49B8CB671DBF356200417F8C /* TestUITests.m in Sources */,
			);
			runOnlyForDeploymentPostprocessing = 0;
		};
/* End PBXSourcesBuildPhase section */

/* Begin PBXTargetDependency section */
		49B8CB591DBF356200417F8C /* PBXTargetDependency */ = {
			isa = PBXTargetDependency;
			target = 49B8CB3A1DBF356100417F8C /* Test */;
			targetProxy = 49B8CB581DBF356200417F8C /* PBXContainerItemProxy */;
		};
		49B8CB641DBF356200417F8C /* PBXTargetDependency */ = {
			isa = PBXTargetDependency;
			target = 49B8CB3A1DBF356100417F8C /* Test */;
			targetProxy = 49B8CB631DBF356200417F8C /* PBXContainerItemProxy */;
		};
/* End PBXTargetDependency section */

/* Begin PBXVariantGroup section */
		49B8CB4F1DBF356200417F8C /* LaunchScreen.storyboard */ = {
			isa = PBXVariantGroup;
			children = (
				49B8CB501DBF356200417F8C /* Base */,
			);
			name = LaunchScreen.storyboard;
			sourceTree = "<group>";
		};
/* End PBXVariantGroup section */

/* Begin XCBuildConfiguration section */
		49B8CB691DBF356200417F8C /* Debug */ = {
			isa = XCBuildConfiguration;
			buildSettings = {
				ALWAYS_SEARCH_USER_PATHS = NO;
				CLANG_ANALYZER_NONNULL = YES;
				CLANG_CXX_LANGUAGE_STANDARD = "gnu++0x";
				CLANG_CXX_LIBRARY = "libc++";
				CLANG_ENABLE_MODULES = YES;
				CLANG_ENABLE_OBJC_ARC = YES;
				CLANG_WARN_BOOL_CONVERSION = YES;
				CLANG_WARN_CONSTANT_CONVERSION = YES;
				CLANG_WARN_DIRECT_OBJC_ISA_USAGE = YES_ERROR;
				CLANG_WARN_DOCUMENTATION_COMMENTS = YES;
				CLANG_WARN_EMPTY_BODY = YES;
				CLANG_WARN_ENUM_CONVERSION = YES;
				CLANG_WARN_INFINITE_RECURSION = YES;
				CLANG_WARN_INT_CONVERSION = YES;
				CLANG_WARN_OBJC_ROOT_CLASS = YES_ERROR;
				CLANG_WARN_SUSPICIOUS_MOVE = YES;
				CLANG_WARN_SUSPICIOUS_MOVES = YES;
				CLANG_WARN_UNREACHABLE_CODE = YES;
				CLANG_WARN__DUPLICATE_METHOD_MATCH = YES;
				"CODE_SIGN_IDENTITY[sdk=iphoneos*]" = "iPhone Developer";
				COPY_PHASE_STRIP = NO;
				DEBUG_INFORMATION_FORMAT = dwarf;
				ENABLE_STRICT_OBJC_MSGSEND = YES;
				ENABLE_TESTABILITY = YES;
				GCC_C_LANGUAGE_STANDARD = gnu99;
				GCC_DYNAMIC_NO_PIC = NO;
				GCC_NO_COMMON_BLOCKS = YES;
				GCC_OPTIMIZATION_LEVEL = 0;
				GCC_PREPROCESSOR_DEFINITIONS = (
					"DEBUG=1",
					"$(inherited)",
				);
				GCC_WARN_64_TO_32_BIT_CONVERSION = YES;
				GCC_WARN_ABOUT_RETURN_TYPE = YES_ERROR;
				GCC_WARN_UNDECLARED_SELECTOR = YES;
				GCC_WARN_UNINITIALIZED_AUTOS = YES_AGGRESSIVE;
				GCC_WARN_UNUSED_FUNCTION = YES;
				GCC_WARN_UNUSED_VARIABLE = YES;
				IPHONEOS_DEPLOYMENT_TARGET = 10.0;
				MTL_ENABLE_DEBUG_INFO = YES;
				ONLY_ACTIVE_ARCH = YES;
				SDKROOT = iphoneos;
			};
			name = Debug;
		};
		49B8CB6A1DBF356200417F8C /* Release */ = {
			isa = XCBuildConfiguration;
			buildSettings = {
				ALWAYS_SEARCH_USER_PATHS = NO;
				CLANG_ANALYZER_NONNULL = YES;
				CLANG_CXX_LANGUAGE_STANDARD = "gnu++0x";
				CLANG_CXX_LIBRARY = "libc++";
				CLANG_ENABLE_MODULES = YES;
				CLANG_ENABLE_OBJC_ARC = YES;
				CLANG_WARN_BOOL_CONVERSION = YES;
				CLANG_WARN_CONSTANT_CONVERSION = YES;
				CLANG_WARN_DIRECT_OBJC_ISA_USAGE = YES_ERROR;
				CLANG_WARN_DOCUMENTATION_COMMENTS = YES;
				CLANG_WARN_EMPTY_BODY = YES;
				CLANG_WARN_ENUM_CONVERSION = YES;
				CLANG_WARN_INFINITE_RECURSION = YES;
				CLANG_WARN_INT_CONVERSION = YES;
				CLANG_WARN_OBJC_ROOT_CLASS = YES_ERROR;
				CLANG_WARN_SUSPICIOUS_MOVE = YES;
				CLANG_WARN_SUSPICIOUS_MOVES = YES;
				CLANG_WARN_UNREACHABLE_CODE = YES;
				CLANG_WARN__DUPLICATE_METHOD_MATCH = YES;
				"CODE_SIGN_IDENTITY[sdk=iphoneos*]" = "iPhone Developer";
				COPY_PHASE_STRIP = NO;
				DEBUG_INFORMATION_FORMAT = "dwarf-with-dsym";
				ENABLE_NS_ASSERTIONS = NO;
				ENABLE_STRICT_OBJC_MSGSEND = YES;
				GCC_C_LANGUAGE_STANDARD = gnu99;
				GCC_NO_COMMON_BLOCKS = YES;
				GCC_WARN_64_TO_32_BIT_CONVERSION = YES;
				GCC_WARN_ABOUT_RETURN_TYPE = YES_ERROR;
				GCC_WARN_UNDECLARED_SELECTOR = YES;
				GCC_WARN_UNINITIALIZED_AUTOS = YES_AGGRESSIVE;
				GCC_WARN_UNUSED_FUNCTION = YES;
				GCC_WARN_UNUSED_VARIABLE = YES;
				IPHONEOS_DEPLOYMENT_TARGET = 10.0;
				MTL_ENABLE_DEBUG_INFO = NO;
				SDKROOT = iphoneos;
				VALIDATE_PRODUCT = YES;
			};
			name = Release;
		};
		49B8CB6C1DBF356200417F8C /* Debug */ = {
			isa = XCBuildConfiguration;
			baseConfigurationReference = 1C378CF8461CCB8C5A159D83 /* Pods-Test.debug.xcconfig */;
			buildSettings = {
				ALWAYS_EMBED_SWIFT_STANDARD_LIBRARIES = "$(inherited)";
				ASSETCATALOG_COMPILER_APPICON_NAME = AppIcon;
				DEVELOPMENT_TEAM = 39F533GK84;
				GCC_PRECOMPILE_PREFIX_HEADER = YES;
				GCC_PREFIX_HEADER = "$(SRCROOT)/Test/PrefixHeader.pch";
				INFOPLIST_FILE = Test/Info.plist;
				IPHONEOS_DEPLOYMENT_TARGET = 10.1;
				LD_RUNPATH_SEARCH_PATHS = "$(inherited) @executable_path/Frameworks";
				PRODUCT_BUNDLE_IDENTIFIER = com.utopia.Test;
				PRODUCT_NAME = "$(TARGET_NAME)";
			};
			name = Debug;
		};
		49B8CB6D1DBF356200417F8C /* Release */ = {
			isa = XCBuildConfiguration;
			baseConfigurationReference = CA4BA53D289F80579FBD0036 /* Pods-Test.release.xcconfig */;
			buildSettings = {
				ALWAYS_EMBED_SWIFT_STANDARD_LIBRARIES = "$(inherited)";
				ASSETCATALOG_COMPILER_APPICON_NAME = AppIcon;
				DEVELOPMENT_TEAM = 39F533GK84;
				GCC_PRECOMPILE_PREFIX_HEADER = YES;
				INFOPLIST_FILE = Test/Info.plist;
				IPHONEOS_DEPLOYMENT_TARGET = 10.1;
				LD_RUNPATH_SEARCH_PATHS = "$(inherited) @executable_path/Frameworks";
				PRODUCT_BUNDLE_IDENTIFIER = com.utopia.Test;
				PRODUCT_NAME = "$(TARGET_NAME)";
			};
			name = Release;
		};
		49B8CB6F1DBF356200417F8C /* Debug */ = {
			isa = XCBuildConfiguration;
			buildSettings = {
				BUNDLE_LOADER = "$(TEST_HOST)";
				INFOPLIST_FILE = TestTests/Info.plist;
				LD_RUNPATH_SEARCH_PATHS = "$(inherited) @executable_path/Frameworks @loader_path/Frameworks";
				PRODUCT_BUNDLE_IDENTIFIER = com.utopia.TestTests;
				PRODUCT_NAME = "$(TARGET_NAME)";
				TEST_HOST = "$(BUILT_PRODUCTS_DIR)/Test.app/Test";
			};
			name = Debug;
		};
		49B8CB701DBF356200417F8C /* Release */ = {
			isa = XCBuildConfiguration;
			buildSettings = {
				BUNDLE_LOADER = "$(TEST_HOST)";
				INFOPLIST_FILE = TestTests/Info.plist;
				LD_RUNPATH_SEARCH_PATHS = "$(inherited) @executable_path/Frameworks @loader_path/Frameworks";
				PRODUCT_BUNDLE_IDENTIFIER = com.utopia.TestTests;
				PRODUCT_NAME = "$(TARGET_NAME)";
				TEST_HOST = "$(BUILT_PRODUCTS_DIR)/Test.app/Test";
			};
			name = Release;
		};
		49B8CB721DBF356200417F8C /* Debug */ = {
			isa = XCBuildConfiguration;
			buildSettings = {
				INFOPLIST_FILE = TestUITests/Info.plist;
				LD_RUNPATH_SEARCH_PATHS = "$(inherited) @executable_path/Frameworks @loader_path/Frameworks";
				PRODUCT_BUNDLE_IDENTIFIER = com.utopia.TestUITests;
				PRODUCT_NAME = "$(TARGET_NAME)";
				TEST_TARGET_NAME = Test;
			};
			name = Debug;
		};
		49B8CB731DBF356200417F8C /* Release */ = {
			isa = XCBuildConfiguration;
			buildSettings = {
				INFOPLIST_FILE = TestUITests/Info.plist;
				LD_RUNPATH_SEARCH_PATHS = "$(inherited) @executable_path/Frameworks @loader_path/Frameworks";
				PRODUCT_BUNDLE_IDENTIFIER = com.utopia.TestUITests;
				PRODUCT_NAME = "$(TARGET_NAME)";
				TEST_TARGET_NAME = Test;
			};
			name = Release;
		};
/* End XCBuildConfiguration section */

/* Begin XCConfigurationList section */
		49B8CB361DBF356100417F8C /* Build configuration list for PBXProject "Test" */ = {
			isa = XCConfigurationList;
			buildConfigurations = (
				49B8CB691DBF356200417F8C /* Debug */,
				49B8CB6A1DBF356200417F8C /* Release */,
			);
			defaultConfigurationIsVisible = 0;
			defaultConfigurationName = Release;
		};
		49B8CB6B1DBF356200417F8C /* Build configuration list for PBXNativeTarget "Test" */ = {
			isa = XCConfigurationList;
			buildConfigurations = (
				49B8CB6C1DBF356200417F8C /* Debug */,
				49B8CB6D1DBF356200417F8C /* Release */,
			);
			defaultConfigurationIsVisible = 0;
			defaultConfigurationName = Release;
		};
		49B8CB6E1DBF356200417F8C /* Build configuration list for PBXNativeTarget "TestTests" */ = {
			isa = XCConfigurationList;
			buildConfigurations = (
				49B8CB6F1DBF356200417F8C /* Debug */,
				49B8CB701DBF356200417F8C /* Release */,
			);
			defaultConfigurationIsVisible = 0;
			defaultConfigurationName = Release;
		};
		49B8CB711DBF356200417F8C /* Build configuration list for PBXNativeTarget "TestUITests" */ = {
			isa = XCConfigurationList;
			buildConfigurations = (
				49B8CB721DBF356200417F8C /* Debug */,
				49B8CB731DBF356200417F8C /* Release */,
			);
			defaultConfigurationIsVisible = 0;
			defaultConfigurationName = Release;
		};
/* End XCConfigurationList section */

/* Begin XCVersionGroup section */
		49B8CB4A1DBF356200417F8C /* Test.xcdatamodeld */ = {
			isa = XCVersionGroup;
			children = (
				49B8CB4B1DBF356200417F8C /* Test.xcdatamodel */,
			);
			currentVersion = 49B8CB4B1DBF356200417F8C /* Test.xcdatamodel */;
			path = Test.xcdatamodeld;
			sourceTree = "<group>";
			versionGroupType = wrapper.xcdatamodel;
		};
/* End XCVersionGroup section */
	};
	rootObject = 49B8CB331DBF356100417F8C /* Project object */;
}
